
Microsoft Visual Studio Solution File, Format Version 12.00
# Visual Studio 2013
VisualStudioVersion = 12.0.31101.0
MinimumVisualStudioVersion = 10.0.40219.1
Project("{FAE04EC0-301F-11D3-BF4B-00C04F79EFBC}") = "Patterns", "Test\Patterns.csproj", "{FC401C17-948F-4546-8760-BCDDE1ECD84D}"
EndProject
Project("{FAE04EC0-301F-11D3-BF4B-00C04F79EFBC}") = "UnitTestProject", "UnitTestProject\UnitTestProject.csproj", "{2B163C3D-3814-45DA-96AF-CD1D10B58769}"
EndProject
Global
	GlobalSection(SolutionConfigurationPlatforms) = preSolution
		Debug|Any CPU = Debug|Any CPU
		Release|Any CPU = Release|Any CPU
	EndGlobalSection
	GlobalSection(ProjectConfigurationPlatforms) = postSolution
		{FC401C17-948F-4546-8760-BCDDE1ECD84D}.Debug|Any CPU.ActiveCfg = Debug|Any CPU
		{FC401C17-948F-4546-8760-BCDDE1ECD84D}.Debug|Any CPU.Build.0 = Debug|Any CPU
		{FC401C17-948F-4546-8760-BCDDE1ECD84D}.Release|Any CPU.ActiveCfg = Release|Any CPU
		{FC401C17-948F-4546-8760-BCDDE1ECD84D}.Release|Any CPU.Build.0 = Release|Any CPU
		{2B163C3D-3814-45DA-96AF-CD1D10B58769}.Debug|Any CPU.ActiveCfg = Debug|Any CPU
		{2B163C3D-3814-45DA-96AF-CD1D10B58769}.Debug|Any CPU.Build.0 = Debug|Any CPU
		{2B163C3D-3814-45DA-96AF-CD1D10B58769}.Release|Any CPU.ActiveCfg = Release|Any CPU
		{2B163C3D-3814-45DA-96AF-CD1D10B58769}.Release|Any CPU.Build.0 = Release|Any CPU
	EndGlobalSection
	GlobalSection(SolutionProperties) = preSolution
		HideSolutionNode = FALSE
	EndGlobalSection
EndGlobal
